dependencies:
  idf:
    source:
      type: idf
    version: 5.5.3
  lvgl/lvgl:
    component_hash: 2a8f619b5c2b1c7ad116c33d43dae8989c76739068f406a7e8ba9221e1085f17
    dependencies: []
    source:
      registry_url: https://components.espressif.com/
      type: service
    version: 9.1.0
direct_dependencies:
- lvgl/lvgl
manifest_hash: 6953cb517f6e6c6563ee10772932efc47f2ed5324500e17f6bb9ef2ecdb56a84
target: esp32s3
version: 2.0.0
